
Microsoft Visual Studio Solution File, Format Version 12.00
# Visual Studio 15
VisualStudioVersion = 15.0.26730.10
MinimumVisualStudioVersion = 10.0.40219.1
Project("{FAE04EC0-301F-11D3-BF4B-00C04F79EFBC}") = "SIMDArray", "SIMDArray\SIMDArray.csproj", "{B023B3DF-88C9-40D2-B221-257FCB7FE7BA}"
EndProject
Global
	GlobalSection(SolutionConfigurationPlatforms) = preSolution
		Debug|Any CPU = Debug|Any CPU
		Release|Any CPU = Release|Any CPU
	EndGlobalSection
	GlobalSection(ProjectConfigurationPlatforms) = postSolution
		{B023B3DF-88C9-40D2-B221-257FCB7FE7BA}.Debug|Any CPU.ActiveCfg = Debug|Any CPU
		{B023B3DF-88C9-40D2-B221-257FCB7FE7BA}.Debug|Any CPU.Build.0 = Debug|Any CPU
		{B023B3DF-88C9-40D2-B221-257FCB7FE7BA}.Release|Any CPU.ActiveCfg = Release|Any CPU
		{B023B3DF-88C9-40D2-B221-257FCB7FE7BA}.Release|Any CPU.Build.0 = Release|Any CPU
	EndGlobalSection
	GlobalSection(SolutionProperties) = preSolution
		HideSolutionNode = FALSE
	EndGlobalSection
	GlobalSection(ExtensibilityGlobals) = postSolution
		SolutionGuid = {E58EA55A-75E2-4037-8E3A-73C75AC47C11}
	EndGlobalSection
EndGlobal
